// !$*UTF8*$!
{
	archiveVersion = 1;
	classes = {
	};
	objectVersion = 46;
	objects = {

/* Begin PBXBuildFile section */
		0CC9059AA32E55885B22F3F7 /* Pods.framework in Frameworks */ = {isa = PBXBuildFile; fileRef = 9CFFEF06DC809AC8B22877FA /* Pods.framework */; settings = {ATTRIBUTES = (Weak, ); }; };
		B61C16321BB8D2FC00001E8B /* HeaderCell.swift in Sources */ = {isa = PBXBuildFile; fileRef = B61C16311BB8D2FC00001E8B /* HeaderCell.swift */; settings = {ASSET_TAGS = (); }; };
		B61C16341BB8D31900001E8B /* PhotoCell.swift in Sources */ = {isa = PBXBuildFile; fileRef = B61C16331BB8D31900001E8B /* PhotoCell.swift */; settings = {ASSET_TAGS = (); }; };
		B61C16361BB8D32000001E8B /* CommentCell.swift in Sources */ = {isa = PBXBuildFile; fileRef = B61C16351BB8D32000001E8B /* CommentCell.swift */; settings = {ASSET_TAGS = (); }; };
		B627E6581BB77589005E7939 /* InstagramTableViewController.swift in Sources */ = {isa = PBXBuildFile; fileRef = B627E6571BB77589005E7939 /* InstagramTableViewController.swift */; settings = {ASSET_TAGS = (); }; };
		B66FE2641BB120EE00116C1D /* AppDelegate.swift in Sources */ = {isa = PBXBuildFile; fileRef = B66FE2631BB120EE00116C1D /* AppDelegate.swift */; };
		B66FE2661BB120EE00116C1D /* ViewController.swift in Sources */ = {isa = PBXBuildFile; fileRef = B66FE2651BB120EE00116C1D /* ViewController.swift */; };
		B66FE2691BB120EE00116C1D /* Main.storyboard in Resources */ = {isa = PBXBuildFile; fileRef = B66FE2671BB120EE00116C1D /* Main.storyboard */; };
		B66FE26B1BB120EE00116C1D /* Assets.xcassets in Resources */ = {isa = PBXBuildFile; fileRef = B66FE26A1BB120EE00116C1D /* Assets.xcassets */; };
		B66FE26E1BB120EE00116C1D /* LaunchScreen.storyboard in Resources */ = {isa = PBXBuildFile; fileRef = B66FE26C1BB120EE00116C1D /* LaunchScreen.storyboard */; };
		B66FE2791BB120EE00116C1D /* InstagramProjectTests.swift in Sources */ = {isa = PBXBuildFile; fileRef = B66FE2781BB120EE00116C1D /* InstagramProjectTests.swift */; };
		B66FE2861BB122D000116C1D /* InstagramOrganization.swift in Sources */ = {isa = PBXBuildFile; fileRef = B66FE2851BB122D000116C1D /* InstagramOrganization.swift */; settings = {ASSET_TAGS = (); }; };
/* End PBXBuildFile section */

/* Begin PBXContainerItemProxy section */
		B66FE2751BB120EE00116C1D /* PBXContainerItemProxy */ = {
			isa = PBXContainerItemProxy;
			containerPortal = B66FE2581BB120EE00116C1D /* Project object */;
			proxyType = 1;
			remoteGlobalIDString = B66FE25F1BB120EE00116C1D;
			remoteInfo = InstagramProject;
		};
/* End PBXContainerItemProxy section */

/* Begin PBXFileReference section */
		799C5E4F02A06772855D2FF3 /* Pods.debug.xcconfig */ = {isa = PBXFileReference; includeInIndex = 1; lastKnownFileType = text.xcconfig; name = Pods.debug.xcconfig; path = "Pods/Target Support Files/Pods/Pods.debug.xcconfig"; sourceTree = "<group>"; };
		7A6C19EE5FD317D744514C9D /* Pods.release.xcconfig */ = {isa = PBXFileReference; includeInIndex = 1; lastKnownFileType = text.xcconfig; name = Pods.release.xcconfig; path = "Pods/Target Support Files/Pods/Pods.release.xcconfig"; sourceTree = "<group>"; };
		9CFFEF06DC809AC8B22877FA /* Pods.framework */ = {isa = PBXFileReference; explicitFileType = wrapper.framework; includeInIndex = 0; path = Pods.framework; sourceTree = BUILT_PRODUCTS_DIR; };
		B61C16311BB8D2FC00001E8B /* HeaderCell.swift */ = {isa = PBXFileReference; fileEncoding = 4; lastKnownFileType = sourcecode.swift; path = HeaderCell.swift; sourceTree = "<group>"; };
		B61C16331BB8D31900001E8B /* PhotoCell.swift */ = {isa = PBXFileReference; fileEncoding = 4; lastKnownFileType = sourcecode.swift; path = PhotoCell.swift; sourceTree = "<group>"; };
		B61C16351BB8D32000001E8B /* CommentCell.swift */ = {isa = PBXFileReference; fileEncoding = 4; lastKnownFileType = sourcecode.swift; path = CommentCell.swift; sourceTree = "<group>"; };
		B627E6571BB77589005E7939 /* InstagramTableViewController.swift */ = {isa = PBXFileReference; fileEncoding = 4; lastKnownFileType = sourcecode.swift; path = InstagramTableViewController.swift; sourceTree = "<group>"; };
		B66FE2601BB120EE00116C1D /* InstagramProject.app */ = {isa = PBXFileReference; explicitFileType = wrapper.application; includeInIndex = 0; path = InstagramProject.app; sourceTree = BUILT_PRODUCTS_DIR; };
		B66FE2631BB120EE00116C1D /* AppDelegate.swift */ = {isa = PBXFileReference; lastKnownFileType = sourcecode.swift; path = AppDelegate.swift; sourceTree = "<group>"; };
		B66FE2651BB120EE00116C1D /* ViewController.swift */ = {isa = PBXFileReference; lastKnownFileType = sourcecode.swift; path = ViewController.swift; sourceTree = "<group>"; };
		B66FE2681BB120EE00116C1D /* Base */ = {isa = PBXFileReference; lastKnownFileType = file.storyboard; name = Base; path = Base.lproj/Main.storyboard; sourceTree = "<group>"; };
		B66FE26A1BB120EE00116C1D /* Assets.xcassets */ = {isa = PBXFileReference; lastKnownFileType = folder.assetcatalog; path = Assets.xcassets; sourceTree = "<group>"; };
		B66FE26D1BB120EE00116C1D /* Base */ = {isa = PBXFileReference; lastKnownFileType = file.storyboard; name = Base; path = Base.lproj/LaunchScreen.storyboard; sourceTree = "<group>"; };
		B66FE26F1BB120EE00116C1D /* Info.plist */ = {isa = PBXFileReference; lastKnownFileType = text.plist.xml; path = Info.plist; sourceTree = "<group>"; };
		B66FE2741BB120EE00116C1D /* InstagramProjectTests.xctest */ = {isa = PBXFileReference; explicitFileType = wrapper.cfbundle; includeInIndex = 0; path = InstagramProjectTests.xctest; sourceTree = BUILT_PRODUCTS_DIR; };
		B66FE2781BB120EE00116C1D /* InstagramProjectTests.swift */ = {isa = PBXFileReference; lastKnownFileType = sourcecode.swift; path = InstagramProjectTests.swift; sourceTree = "<group>"; };
		B66FE27A1BB120EE00116C1D /* Info.plist */ = {isa = PBXFileReference; lastKnownFileType = text.plist.xml; path = Info.plist; sourceTree = "<group>"; };
		B66FE2851BB122D000116C1D /* InstagramOrganization.swift */ = {isa = PBXFileReference; fileEncoding = 4; lastKnownFileType = sourcecode.swift; path = InstagramOrganization.swift; sourceTree = "<group>"; };
/* End PBXFileReference section */

/* Begin PBXFrameworksBuildPhase section */
		B66FE25D1BB120EE00116C1D /* Frameworks */ = {
			isa = PBXFrameworksBuildPhase;
			buildActionMask = 2147483647;
			files = (
				0CC9059AA32E55885B22F3F7 /* Pods.framework in Frameworks */,
			);
			runOnlyForDeploymentPostprocessing = 0;
		};
		B66FE2711BB120EE00116C1D /* Frameworks */ = {
			isa = PBXFrameworksBuildPhase;
			buildActionMask = 2147483647;
			files = (
			);
			runOnlyForDeploymentPostprocessing = 0;
		};
/* End PBXFrameworksBuildPhase section */

/* Begin PBXGroup section */
		32C3ABC151A398017F275CAF /* Pods */ = {
			isa = PBXGroup;
			children = (
				799C5E4F02A06772855D2FF3 /* Pods.debug.xcconfig */,
				7A6C19EE5FD317D744514C9D /* Pods.release.xcconfig */,
			);
			name = Pods;
			sourceTree = "<group>";
		};
		57B0AA6FDE9A43E9E96032F8 /* Frameworks */ = {
			isa = PBXGroup;
			children = (
				9CFFEF06DC809AC8B22877FA /* Pods.framework */,
			);
			name = Frameworks;
			sourceTree = "<group>";
		};
		B66FE2571BB120EE00116C1D = {
			isa = PBXGroup;
			children = (
				B66FE2621BB120EE00116C1D /* InstagramProject */,
				B66FE2771BB120EE00116C1D /* InstagramProjectTests */,
				B66FE2611BB120EE00116C1D /* Products */,
				32C3ABC151A398017F275CAF /* Pods */,
				57B0AA6FDE9A43E9E96032F8 /* Frameworks */,
			);
			sourceTree = "<group>";
		};
		B66FE2611BB120EE00116C1D /* Products */ = {
			isa = PBXGroup;
			children = (
				B66FE2601BB120EE00116C1D /* InstagramProject.app */,
				B66FE2741BB120EE00116C1D /* InstagramProjectTests.xctest */,
			);
			name = Products;
			sourceTree = "<group>";
		};
		B66FE2621BB120EE00116C1D /* InstagramProject */ = {
			isa = PBXGroup;
			children = (
				B66FE2631BB120EE00116C1D /* AppDelegate.swift */,
				B66FE2651BB120EE00116C1D /* ViewController.swift */,
				B66FE2671BB120EE00116C1D /* Main.storyboard */,
				B66FE26A1BB120EE00116C1D /* Assets.xcassets */,
				B66FE26C1BB120EE00116C1D /* LaunchScreen.storyboard */,
				B66FE26F1BB120EE00116C1D /* Info.plist */,
				B66FE2851BB122D000116C1D /* InstagramOrganization.swift */,
				B627E6571BB77589005E7939 /* InstagramTableViewController.swift */,
				B61C16311BB8D2FC00001E8B /* HeaderCell.swift */,
				B61C16331BB8D31900001E8B /* PhotoCell.swift */,
				B61C16351BB8D32000001E8B /* CommentCell.swift */,
			);
			path = InstagramProject;
			sourceTree = "<group>";
		};
		B66FE2771BB120EE00116C1D /* InstagramProjectTests */ = {
			isa = PBXGroup;
			children = (
				B66FE2781BB120EE00116C1D /* InstagramProjectTests.swift */,
				B66FE27A1BB120EE00116C1D /* Info.plist */,
			);
			path = InstagramProjectTests;
			sourceTree = "<group>";
		};
/* End PBXGroup section */

/* Begin PBXNativeTarget section */
		B66FE25F1BB120EE00116C1D /* InstagramProject */ = {
			isa = PBXNativeTarget;
			buildConfigurationList = B66FE27D1BB120EE00116C1D /* Build configuration list for PBXNativeTarget "InstagramProject" */;
			buildPhases = (
				4C6124078E8FCBD6D727CFB5 /* Check Pods Manifest.lock */,
				B66FE25C1BB120EE00116C1D /* Sources */,
				B66FE25D1BB120EE00116C1D /* Frameworks */,
				B66FE25E1BB120EE00116C1D /* Resources */,
				5B7D067E382C15DDABA24F5E /* Embed Pods Frameworks */,
				2454F28C63E13A3D8280AA5E /* Copy Pods Resources */,
			);
			buildRules = (
			);
			dependencies = (
			);
			name = InstagramProject;
			productName = InstagramProject;
			productReference = B66FE2601BB120EE00116C1D /* InstagramProject.app */;
			productType = "com.apple.product-type.application";
		};
		B66FE2731BB120EE00116C1D /* InstagramProjectTests */ = {
			isa = PBXNativeTarget;
			buildConfigurationList = B66FE2801BB120EE00116C1D /* Build configuration list for PBXNativeTarget "InstagramProjectTests" */;
			buildPhases = (
				B66FE2701BB120EE00116C1D /* Sources */,
				B66FE2711BB120EE00116C1D /* Frameworks */,
				B66FE2721BB120EE00116C1D /* Resources */,
			);
			buildRules = (
			);
			dependencies = (
				B66FE2761BB120EE00116C1D /* PBXTargetDependency */,
			);
			name = InstagramProjectTests;
			productName = InstagramProjectTests;
			productReference = B66FE2741BB120EE00116C1D /* InstagramProjectTests.xctest */;
			productType = "com.apple.product-type.bundle.unit-test";
		};
/* End PBXNativeTarget section */

/* Begin PBXProject section */
		B66FE2581BB120EE00116C1D /* Project object */ = {
			isa = PBXProject;
			attributes = {
				LastUpgradeCheck = 0700;
				ORGANIZATIONNAME = "Fred Lee";
				TargetAttributes = {
					B66FE25F1BB120EE00116C1D = {
						CreatedOnToolsVersion = 7.0;
						DevelopmentTeam = G73P4EM4BP;
					};
					B66FE2731BB120EE00116C1D = {
						CreatedOnToolsVersion = 7.0;
						DevelopmentTeam = G73P4EM4BP;
						TestTargetID = B66FE25F1BB120EE00116C1D;
					};
				};
			};
			buildConfigurationList = B66FE25B1BB120EE00116C1D /* Build configuration list for PBXProject "InstagramProject" */;
			compatibilityVersion = "Xcode 3.2";
			developmentRegion = English;
			hasScannedForEncodings = 0;
			knownRegions = (
				en,
				Base,
			);
			mainGroup = B66FE2571BB120EE00116C1D;
			productRefGroup = B66FE2611BB120EE00116C1D /* Products */;
			projectDirPath = "";
			projectRoot = "";
			targets = (
				B66FE25F1BB120EE00116C1D /* InstagramProject */,
				B66FE2731BB120EE00116C1D /* InstagramProjectTests */,
			);
		};
/* End PBXProject section */

/* Begin PBXResourcesBuildPhase section */
		B66FE25E1BB120EE00116C1D /* Resources */ = {
			isa = PBXResourcesBuildPhase;
			buildActionMask = 2147483647;
			files = (
				B66FE26E1BB120EE00116C1D /* LaunchScreen.storyboard in Resources */,
				B66FE26B1BB120EE00116C1D /* Assets.xcassets in Resources */,
				B66FE2691BB120EE00116C1D /* Main.storyboard in Resources */,
			);
			runOnlyForDeploymentPostprocessing = 0;
		};
		B66FE2721BB120EE00116C1D /* Resources */ = {
			isa = PBXResourcesBuildPhase;
			buildActionMask = 2147483647;
			files = (
			);
			runOnlyForDeploymentPostprocessing = 0;
		};
/* End PBXResourcesBuildPhase section */

/* Begin PBXShellScriptBuildPhase section */
		2454F28C63E13A3D8280AA5E /* Copy Pods Resources */ = {
			isa = PBXShellScriptBuildPhase;
			buildActionMask = 2147483647;
			files = (
			);
			inputPaths = (
			);
			name = "Copy Pods Resources";
			outputPaths = (
			);
			runOnlyForDeploymentPostprocessing = 0;
			shellPath = /bin/sh;
			shellScript = "\"${SRCROOT}/Pods/Target Support Files/Pods/Pods-resources.sh\"\n";
			showEnvVarsInLog = 0;
		};
		4C6124078E8FCBD6D727CFB5 /* Check Pods Manifest.lock */ = {
			isa = PBXShellScriptBuildPhase;
			buildActionMask = 2147483647;
			files = (
			);
			inputPaths = (
			);
			name = "Check Pods Manifest.lock";
			outputPaths = (
			);
			runOnlyForDeploymentPostprocessing = 0;
			shellPath = /bin/sh;
			shellScript = "diff \"${PODS_ROOT}/../Podfile.lock\" \"${PODS_ROOT}/Manifest.lock\" > /dev/null\nif [[ $? != 0 ]] ; then\n    cat << EOM\nerror: The sandbox is not in sync with the Podfile.lock. Run 'pod install' or update your CocoaPods installation.\nEOM\n    exit 1\nfi\n";
			showEnvVarsInLog = 0;
		};
		5B7D067E382C15DDABA24F5E /* Embed Pods Frameworks */ = {
			isa = PBXShellScriptBuildPhase;
			buildActionMask = 2147483647;
			files = (
			);
			inputPaths = (
			);
			name = "Embed Pods Frameworks";
			outputPaths = (
			);
			runOnlyForDeploymentPostprocessing = 0;
			shellPath = /bin/sh;
			shellScript = "\"${SRCROOT}/Pods/Target Support Files/Pods/Pods-frameworks.sh\"\n";
			showEnvVarsInLog = 0;
		};
/* End PBXShellScriptBuildPhase section */

/* Begin PBXSourcesBuildPhase section */
		B66FE25C1BB120EE00116C1D /* Sources */ = {
			isa = PBXSourcesBuildPhase;
			buildActionMask = 2147483647;
			files = (
				B66FE2861BB122D000116C1D /* InstagramOrganization.swift in Sources */,
				B61C16321BB8D2FC00001E8B /* HeaderCell.swift in Sources */,
				B66FE2661BB120EE00116C1D /* ViewController.swift in Sources */,
				B627E6581BB77589005E7939 /* InstagramTableViewController.swift in Sources */,
				B61C16341BB8D31900001E8B /* PhotoCell.swift in Sources */,
				B66FE2641BB120EE00116C1D /* AppDelegate.swift in Sources */,
				B61C16361BB8D32000001E8B /* CommentCell.swift in Sources */,
			);
			runOnlyForDeploymentPostprocessing = 0;
		};
		B66FE2701BB120EE00116C1D /* Sources */ = {
			isa = PBXSourcesBuildPhase;
			buildActionMask = 2147483647;
			files = (
				B66FE2791BB120EE00116C1D /* InstagramProjectTests.swift in Sources */,
			);
			runOnlyForDeploymentPostprocessing = 0;
		};
/* End PBXSourcesBuildPhase section */

/* Begin PBXTargetDependency section */
		B66FE2761BB120EE00116C1D /* PBXTargetDependency */ = {
			isa = PBXTargetDependency;
			target = B66FE25F1BB120EE00116C1D /* InstagramProject */;
			targetProxy = B66FE2751BB120EE00116C1D /* PBXContainerItemProxy */;
		};
/* End PBXTargetDependency section */

/* Begin PBXVariantGroup section */
		B66FE2671BB120EE00116C1D /* Main.storyboard */ = {
			isa = PBXVariantGroup;
			children = (
				B66FE2681BB120EE00116C1D /* Base */,
			);
			name = Main.storyboard;
			sourceTree = "<group>";
		};
		B66FE26C1BB120EE00116C1D /* LaunchScreen.storyboard */ = {
			isa = PBXVariantGroup;
			children = (
				B66FE26D1BB120EE00116C1D /* Base */,
			);
			name = LaunchScreen.storyboard;
			sourceTree = "<group>";
		};
/* End PBXVariantGroup section */

/* Begin XCBuildConfiguration section */
		B66FE27B1BB120EE00116C1D /* Debug */ = {
			isa = XCBuildConfiguration;
			buildSettings = {
				ALWAYS_SEARCH_USER_PATHS = NO;
				CLANG_CXX_LANGUAGE_STANDARD = "gnu++0x";
				CLANG_CXX_LIBRARY = "libc++";
				CLANG_ENABLE_MODULES = YES;
				CLANG_ENABLE_OBJC_ARC = YES;
				CLANG_WARN_BOOL_CONVERSION = YES;
				CLANG_WARN_CONSTANT_CONVERSION = YES;
				CLANG_WARN_DIRECT_OBJC_ISA_USAGE = YES_ERROR;
				CLANG_WARN_EMPTY_BODY = YES;
				CLANG_WARN_ENUM_CONVERSION = YES;
				CLANG_WARN_INT_CONVERSION = YES;
				CLANG_WARN_OBJC_ROOT_CLASS = YES_ERROR;
				CLANG_WARN_UNREACHABLE_CODE = YES;
				CLANG_WARN__DUPLICATE_METHOD_MATCH = YES;
				"CODE_SIGN_IDENTITY[sdk=iphoneos*]" = "iPhone Developer";
				COPY_PHASE_STRIP = NO;
				DEBUG_INFORMATION_FORMAT = dwarf;
				ENABLE_STRICT_OBJC_MSGSEND = YES;
				ENABLE_TESTABILITY = YES;
				GCC_C_LANGUAGE_STANDARD = gnu99;
				GCC_DYNAMIC_NO_PIC = NO;
				GCC_NO_COMMON_BLOCKS = YES;
				GCC_OPTIMIZATION_LEVEL = 0;
				GCC_PREPROCESSOR_DEFINITIONS = (
					"DEBUG=1",
					"$(inherited)",
				);
				GCC_WARN_64_TO_32_BIT_CONVERSION = YES;
				GCC_WARN_ABOUT_RETURN_TYPE = YES_ERROR;
				GCC_WARN_UNDECLARED_SELECTOR = YES;
				GCC_WARN_UNINITIALIZED_AUTOS = YES_AGGRESSIVE;
				GCC_WARN_UNUSED_FUNCTION = YES;
				GCC_WARN_UNUSED_VARIABLE = YES;
				IPHONEOS_DEPLOYMENT_TARGET = 9.0;
				MTL_ENABLE_DEBUG_INFO = YES;
				ONLY_ACTIVE_ARCH = YES;
				SDKROOT = iphoneos;
				SWIFT_OPTIMIZATION_LEVEL = "-Onone";
				TARGETED_DEVICE_FAMILY = "1,2";
			};
			name = Debug;
		};
		B66FE27C1BB120EE00116C1D /* Release */ = {
			isa = XCBuildConfiguration;
			buildSettings = {
				ALWAYS_SEARCH_USER_PATHS = NO;
				CLANG_CXX_LANGUAGE_STANDARD = "gnu++0x";
				CLANG_CXX_LIBRARY = "libc++";
				CLANG_ENABLE_MODULES = YES;
				CLANG_ENABLE_OBJC_ARC = YES;
				CLANG_WARN_BOOL_CONVERSION = YES;
				CLANG_WARN_CONSTANT_CONVERSION = YES;
				CLANG_WARN_DIRECT_OBJC_ISA_USAGE = YES_ERROR;
				CLANG_WARN_EMPTY_BODY = YES;
				CLANG_WARN_ENUM_CONVERSION = YES;
				CLANG_WARN_INT_CONVERSION = YES;
				CLANG_WARN_OBJC_ROOT_CLASS = YES_ERROR;
				CLANG_WARN_UNREACHABLE_CODE = YES;
				CLANG_WARN__DUPLICATE_METHOD_MATCH = YES;
				"CODE_SIGN_IDENTITY[sdk=iphoneos*]" = "iPhone Developer";
				COPY_PHASE_STRIP = NO;
				DEBUG_INFORMATION_FORMAT = "dwarf-with-dsym";
				ENABLE_NS_ASSERTIONS = NO;
				ENABLE_STRICT_OBJC_MSGSEND = YES;
				GCC_C_LANGUAGE_STANDARD = gnu99;
				GCC_NO_COMMON_BLOCKS = YES;
				GCC_WARN_64_TO_32_BIT_CONVERSION = YES;
				GCC_WARN_ABOUT_RETURN_TYPE = YES_ERROR;
				GCC_WARN_UNDECLARED_SELECTOR = YES;
				GCC_WARN_UNINITIALIZED_AUTOS = YES_AGGRESSIVE;
				GCC_WARN_UNUSED_FUNCTION = YES;
				GCC_WARN_UNUSED_VARIABLE = YES;
				IPHONEOS_DEPLOYMENT_TARGET = 9.0;
				MTL_ENABLE_DEBUG_INFO = NO;
				SDKROOT = iphoneos;
				TARGETED_DEVICE_FAMILY = "1,2";
				VALIDATE_PRODUCT = YES;
			};
			name = Release;
		};
		B66FE27E1BB120EE00116C1D /* Debug */ = {
			isa = XCBuildConfiguration;
			baseConfigurationReference = 799C5E4F02A06772855D2FF3 /* Pods.debug.xcconfig */;
			buildSettings = {
				ASSETCATALOG_COMPILER_APPICON_NAME = AppIcon;
				INFOPLIST_FILE = InstagramProject/Info.plist;
				LD_RUNPATH_SEARCH_PATHS = "$(inherited) @executable_path/Frameworks";
				PRODUCT_BUNDLE_IDENTIFIER = TalentSpark.InstagramProject;
				PRODUCT_NAME = "$(TARGET_NAME)";
			};
			name = Debug;
		};
		B66FE27F1BB120EE00116C1D /* Release */ = {
			isa = XCBuildConfiguration;
			baseConfigurationReference = 7A6C19EE5FD317D744514C9D /* Pods.release.xcconfig */;
			buildSettings = {
				ASSETCATALOG_COMPILER_APPICON_NAME = AppIcon;
				INFOPLIST_FILE = InstagramProject/Info.plist;
				LD_RUNPATH_SEARCH_PATHS = "$(inherited) @executable_path/Frameworks";
				PRODUCT_BUNDLE_IDENTIFIER = TalentSpark.InstagramProject;
				PRODUCT_NAME = "$(TARGET_NAME)";
			};
			name = Release;
		};
		B66FE2811BB120EE00116C1D /* Debug */ = {
			isa = XCBuildConfiguration;
			buildSettings = {
				BUNDLE_LOADER = "$(TEST_HOST)";
				INFOPLIST_FILE = InstagramProjectTests/Info.plist;
				LD_RUNPATH_SEARCH_PATHS = "$(inherited) @executable_path/Frameworks @loader_path/Frameworks";
				PRODUCT_BUNDLE_IDENTIFIER = TalentSpark.InstagramProjectTests;
				PRODUCT_NAME = "$(TARGET_NAME)";
				TEST_HOST = "$(BUILT_PRODUCTS_DIR)/InstagramProject.app/InstagramProject";
			};
			name = Debug;
		};
		B66FE2821BB120EE00116C1D /* Release */ = {
			isa = XCBuildConfiguration;
			buildSettings = {
				BUNDLE_LOADER = "$(TEST_HOST)";
				INFOPLIST_FILE = InstagramProjectTests/Info.plist;
				LD_RUNPATH_SEARCH_PATHS = "$(inherited) @executable_path/Frameworks @loader_path/Frameworks";
				PRODUCT_BUNDLE_IDENTIFIER = TalentSpark.InstagramProjectTests;
				PRODUCT_NAME = "$(TARGET_NAME)";
				TEST_HOST = "$(BUILT_PRODUCTS_DIR)/InstagramProject.app/InstagramProject";
			};
			name = Release;
		};
/* End XCBuildConfiguration section */

/* Begin XCConfigurationList section */
		B66FE25B1BB120EE00116C1D /* Build configuration list for PBXProject "InstagramProject" */ = {
			isa = XCConfigurationList;
			buildConfigurations = (
				B66FE27B1BB120EE00116C1D /* Debug */,
				B66FE27C1BB120EE00116C1D /* Release */,
			);
			defaultConfigurationIsVisible = 0;
			defaultConfigurationName = Release;
		};
		B66FE27D1BB120EE00116C1D /* Build configuration list for PBXNativeTarget "InstagramProject" */ = {
			isa = XCConfigurationList;
			buildConfigurations = (
				B66FE27E1BB120EE00116C1D /* Debug */,
				B66FE27F1BB120EE00116C1D /* Release */,
			);
			defaultConfigurationIsVisible = 0;
			defaultConfigurationName = Release;
		};
		B66FE2801BB120EE00116C1D /* Build configuration list for PBXNativeTarget "InstagramProjectTests" */ = {
			isa = XCConfigurationList;
			buildConfigurations = (
				B66FE2811BB120EE00116C1D /* Debug */,
				B66FE2821BB120EE00116C1D /* Release */,
			);
			defaultConfigurationIsVisible = 0;
			defaultConfigurationName = Release;
		};
/* End XCConfigurationList section */
	};
	rootObject = B66FE2581BB120EE00116C1D /* Project object */;
}
